// !$*UTF8*$!
{
	archiveVersion = 1;
	classes = {
	};
	objectVersion = 55;
	objects = {

/* Begin PBXBuildFile section */
		99747F3D28D63E2D005CC824 /* AppDelegate.swift in Sources */ = {isa = PBXBuildFile; fileRef = 99747F3C28D63E2D005CC824 /* AppDelegate.swift */; };
		99747F3F28D63E2D005CC824 /* SceneDelegate.swift in Sources */ = {isa = PBXBuildFile; fileRef = 99747F3E28D63E2D005CC824 /* SceneDelegate.swift */; };
		99747F4128D63E2D005CC824 /* ViewController.swift in Sources */ = {isa = PBXBuildFile; fileRef = 99747F4028D63E2D005CC824 /* ViewController.swift */; };
		99747F4428D63E2D005CC824 /* Main.storyboard in Resources */ = {isa = PBXBuildFile; fileRef = 99747F4228D63E2D005CC824 /* Main.storyboard */; };
		99747F4628D63E2F005CC824 /* Assets.xcassets in Resources */ = {isa = PBXBuildFile; fileRef = 99747F4528D63E2F005CC824 /* Assets.xcassets */; };
		99747F4928D63E2F005CC824 /* LaunchScreen.storyboard in Resources */ = {isa = PBXBuildFile; fileRef = 99747F4728D63E2F005CC824 /* LaunchScreen.storyboard */; };
		99747F5428D63E30005CC824 /* Flashcard_AppTests.swift in Sources */ = {isa = PBXBuildFile; fileRef = 99747F5328D63E30005CC824 /* Flashcard_AppTests.swift */; };
		99747F5E28D63E30005CC824 /* Flashcard_AppUITests.swift in Sources */ = {isa = PBXBuildFile; fileRef = 99747F5D28D63E30005CC824 /* Flashcard_AppUITests.swift */; };
		99747F6028D63E30005CC824 /* Flashcard_AppUITestsLaunchTests.swift in Sources */ = {isa = PBXBuildFile; fileRef = 99747F5F28D63E30005CC824 /* Flashcard_AppUITestsLaunchTests.swift */; };
		999D5E5128EBB0B000A76706 /* CreationViewController.swift in Sources */ = {isa = PBXBuildFile; fileRef = 999D5E5028EBB0B000A76706 /* CreationViewController.swift */; };
/* End PBXBuildFile section */

/* Begin PBXContainerItemProxy section */
		99747F5028D63E30005CC824 /* PBXContainerItemProxy */ = {
			isa = PBXContainerItemProxy;
			containerPortal = 99747F3128D63E2D005CC824 /* Project object */;
			proxyType = 1;
			remoteGlobalIDString = 99747F3828D63E2D005CC824;
			remoteInfo = "Flashcard App";
		};
		99747F5A28D63E30005CC824 /* PBXContainerItemProxy */ = {
			isa = PBXContainerItemProxy;
			containerPortal = 99747F3128D63E2D005CC824 /* Project object */;
			proxyType = 1;
			remoteGlobalIDString = 99747F3828D63E2D005CC824;
			remoteInfo = "Flashcard App";
		};
/* End PBXContainerItemProxy section */

/* Begin PBXFileReference section */
		99747F3928D63E2D005CC824 /* Flashcard App.app */ = {isa = PBXFileReference; explicitFileType = wrapper.application; includeInIndex = 0; path = "Flashcard App.app"; sourceTree = BUILT_PRODUCTS_DIR; };
		99747F3C28D63E2D005CC824 /* AppDelegate.swift */ = {isa = PBXFileReference; lastKnownFileType = sourcecode.swift; path = AppDelegate.swift; sourceTree = "<group>"; };
		99747F3E28D63E2D005CC824 /* SceneDelegate.swift */ = {isa = PBXFileReference; lastKnownFileType = sourcecode.swift; path = SceneDelegate.swift; sourceTree = "<group>"; };
		99747F4028D63E2D005CC824 /* ViewController.swift */ = {isa = PBXFileReference; lastKnownFileType = sourcecode.swift; path = ViewController.swift; sourceTree = "<group>"; };
		99747F4328D63E2D005CC824 /* Base */ = {isa = PBXFileReference; lastKnownFileType = file.storyboard; name = Base; path = Base.lproj/Main.storyboard; sourceTree = "<group>"; };
		99747F4528D63E2F005CC824 /* Assets.xcassets */ = {isa = PBXFileReference; lastKnownFileType = folder.assetcatalog; path = Assets.xcassets; sourceTree = "<group>"; };
		99747F4828D63E2F005CC824 /* Base */ = {isa = PBXFileReference; lastKnownFileType = file.storyboard; name = Base; path = Base.lproj/LaunchScreen.storyboard; sourceTree = "<group>"; };
		99747F4A28D63E2F005CC824 /* Info.plist */ = {isa = PBXFileReference; lastKnownFileType = text.plist.xml; path = Info.plist; sourceTree = "<group>"; };
		99747F4F28D63E30005CC824 /* Flashcard AppTests.xctest */ = {isa = PBXFileReference; explicitFileType = wrapper.cfbundle; includeInIndex = 0; path = "Flashcard AppTests.xctest"; sourceTree = BUILT_PRODUCTS_DIR; };
		99747F5328D63E30005CC824 /* Flashcard_AppTests.swift */ = {isa = PBXFileReference; lastKnownFileType = sourcecode.swift; path = Flashcard_AppTests.swift; sourceTree = "<group>"; };
		99747F5928D63E30005CC824 /* Flashcard AppUITests.xctest */ = {isa = PBXFileReference; explicitFileType = wrapper.cfbundle; includeInIndex = 0; path = "Flashcard AppUITests.xctest"; sourceTree = BUILT_PRODUCTS_DIR; };
		99747F5D28D63E30005CC824 /* Flashcard_AppUITests.swift */ = {isa = PBXFileReference; lastKnownFileType = sourcecode.swift; path = Flashcard_AppUITests.swift; sourceTree = "<group>"; };
		99747F5F28D63E30005CC824 /* Flashcard_AppUITestsLaunchTests.swift */ = {isa = PBXFileReference; lastKnownFileType = sourcecode.swift; path = Flashcard_AppUITestsLaunchTests.swift; sourceTree = "<group>"; };
		999D5E5028EBB0B000A76706 /* CreationViewController.swift */ = {isa = PBXFileReference; lastKnownFileType = sourcecode.swift; path = CreationViewController.swift; sourceTree = "<group>"; };
/* End PBXFileReference section */

/* Begin PBXFrameworksBuildPhase section */
		99747F3628D63E2D005CC824 /* Frameworks */ = {
			isa = PBXFrameworksBuildPhase;
			buildActionMask = 2147483647;
			files = (
			);
			runOnlyForDeploymentPostprocessing = 0;
		};
		99747F4C28D63E30005CC824 /* Frameworks */ = {
			isa = PBXFrameworksBuildPhase;
			buildActionMask = 2147483647;
			files = (
			);
			runOnlyForDeploymentPostprocessing = 0;
		};
		99747F5628D63E30005CC824 /* Frameworks */ = {
			isa = PBXFrameworksBuildPhase;
			buildActionMask = 2147483647;
			files = (
			);
			runOnlyForDeploymentPostprocessing = 0;
		};
/* End PBXFrameworksBuildPhase section */

/* Begin PBXGroup section */
		99747F3028D63E2D005CC824 = {
			isa = PBXGroup;
			children = (
				99747F3B28D63E2D005CC824 /* Flashcard App */,
				99747F5228D63E30005CC824 /* Flashcard AppTests */,
				99747F5C28D63E30005CC824 /* Flashcard AppUITests */,
				99747F3A28D63E2D005CC824 /* Products */,
			);
			sourceTree = "<group>";
		};
		99747F3A28D63E2D005CC824 /* Products */ = {
			isa = PBXGroup;
			children = (
				99747F3928D63E2D005CC824 /* Flashcard App.app */,
				99747F4F28D63E30005CC824 /* Flashcard AppTests.xctest */,
				99747F5928D63E30005CC824 /* Flashcard AppUITests.xctest */,
			);
			name = Products;
			sourceTree = "<group>";
		};
		99747F3B28D63E2D005CC824 /* Flashcard App */ = {
			isa = PBXGroup;
			children = (
				99747F3C28D63E2D005CC824 /* AppDelegate.swift */,
				99747F3E28D63E2D005CC824 /* SceneDelegate.swift */,
				999D5E5028EBB0B000A76706 /* CreationViewController.swift */,
				99747F4028D63E2D005CC824 /* ViewController.swift */,
				99747F4228D63E2D005CC824 /* Main.storyboard */,
				99747F4528D63E2F005CC824 /* Assets.xcassets */,
				99747F4728D63E2F005CC824 /* LaunchScreen.storyboard */,
				99747F4A28D63E2F005CC824 /* Info.plist */,
			);
			path = "Flashcard App";
			sourceTree = "<group>";
		};
		99747F5228D63E30005CC824 /* Flashcard AppTests */ = {
			isa = PBXGroup;
			children = (
				99747F5328D63E30005CC824 /* Flashcard_AppTests.swift */,
			);
			path = "Flashcard AppTests";
			sourceTree = "<group>";
		};
		99747F5C28D63E30005CC824 /* Flashcard AppUITests */ = {
			isa = PBXGroup;
			children = (
				99747F5D28D63E30005CC824 /* Flashcard_AppUITests.swift */,
				99747F5F28D63E30005CC824 /* Flashcard_AppUITestsLaunchTests.swift */,
			);
			path = "Flashcard AppUITests";
			sourceTree = "<group>";
		};
/* End PBXGroup section */

/* Begin PBXNativeTarget section */
		99747F3828D63E2D005CC824 /* Flashcard App */ = {
			isa = PBXNativeTarget;
			buildConfigurationList = 99747F6328D63E30005CC824 /* Build configuration list for PBXNativeTarget "Flashcard App" */;
			buildPhases = (
				99747F3528D63E2D005CC824 /* Sources */,
				99747F3628D63E2D005CC824 /* Frameworks */,
				99747F3728D63E2D005CC824 /* Resources */,
			);
			buildRules = (
			);
			dependencies = (
			);
			name = "Flashcard App";
			productName = "Flashcard App";
			productReference = 99747F3928D63E2D005CC824 /* Flashcard App.app */;
			productType = "com.apple.product-type.application";
		};
		99747F4E28D63E30005CC824 /* Flashcard AppTests */ = {
			isa = PBXNativeTarget;
			buildConfigurationList = 99747F6628D63E30005CC824 /* Build configuration list for PBXNativeTarget "Flashcard AppTests" */;
			buildPhases = (
				99747F4B28D63E30005CC824 /* Sources */,
				99747F4C28D63E30005CC824 /* Frameworks */,
				99747F4D28D63E30005CC824 /* Resources */,
			);
			buildRules = (
			);
			dependencies = (
				99747F5128D63E30005CC824 /* PBXTargetDependency */,
			);
			name = "Flashcard AppTests";
			productName = "Flashcard AppTests";
			productReference = 99747F4F28D63E30005CC824 /* Flashcard AppTests.xctest */;
			productType = "com.apple.product-type.bundle.unit-test";
		};
		99747F5828D63E30005CC824 /* Flashcard AppUITests */ = {
			isa = PBXNativeTarget;
			buildConfigurationList = 99747F6928D63E30005CC824 /* Build configuration list for PBXNativeTarget "Flashcard AppUITests" */;
			buildPhases = (
				99747F5528D63E30005CC824 /* Sources */,
				99747F5628D63E30005CC824 /* Frameworks */,
				99747F5728D63E30005CC824 /* Resources */,
			);
			buildRules = (
			);
			dependencies = (
				99747F5B28D63E30005CC824 /* PBXTargetDependency */,
			);
			name = "Flashcard AppUITests";
			productName = "Flashcard AppUITests";
			productReference = 99747F5928D63E30005CC824 /* Flashcard AppUITests.xctest */;
			productType = "com.apple.product-type.bundle.ui-testing";
		};
/* End PBXNativeTarget section */

/* Begin PBXProject section */
		99747F3128D63E2D005CC824 /* Project object */ = {
			isa = PBXProject;
			attributes = {
				BuildIndependentTargetsInParallel = 1;
				LastSwiftUpdateCheck = 1340;
				LastUpgradeCheck = 1340;
				TargetAttributes = {
					99747F3828D63E2D005CC824 = {
						CreatedOnToolsVersion = 13.4.1;
					};
					99747F4E28D63E30005CC824 = {
						CreatedOnToolsVersion = 13.4.1;
						TestTargetID = 99747F3828D63E2D005CC824;
					};
					99747F5828D63E30005CC824 = {
						CreatedOnToolsVersion = 13.4.1;
						TestTargetID = 99747F3828D63E2D005CC824;
					};
				};
			};
			buildConfigurationList = 99747F3428D63E2D005CC824 /* Build configuration list for PBXProject "Flashcard App" */;
			compatibilityVersion = "Xcode 13.0";
			developmentRegion = en;
			hasScannedForEncodings = 0;
			knownRegions = (
				en,
				Base,
			);
			mainGroup = 99747F3028D63E2D005CC824;
			productRefGroup = 99747F3A28D63E2D005CC824 /* Products */;
			projectDirPath = "";
			projectRoot = "";
			targets = (
				99747F3828D63E2D005CC824 /* Flashcard App */,
				99747F4E28D63E30005CC824 /* Flashcard AppTests */,
				99747F5828D63E30005CC824 /* Flashcard AppUITests */,
			);
		};
/* End PBXProject section */

/* Begin PBXResourcesBuildPhase section */
		99747F3728D63E2D005CC824 /* Resources */ = {
			isa = PBXResourcesBuildPhase;
			buildActionMask = 2147483647;
			files = (
				99747F4928D63E2F005CC824 /* LaunchScreen.storyboard in Resources */,
				99747F4628D63E2F005CC824 /* Assets.xcassets in Resources */,
				99747F4428D63E2D005CC824 /* Main.storyboard in Resources */,
			);
			runOnlyForDeploymentPostprocessing = 0;
		};
		99747F4D28D63E30005CC824 /* Resources */ = {
			isa = PBXResourcesBuildPhase;
			buildActionMask = 2147483647;
			files = (
			);
			runOnlyForDeploymentPostprocessing = 0;
		};
		99747F5728D63E30005CC824 /* Resources */ = {
			isa = PBXResourcesBuildPhase;
			buildActionMask = 2147483647;
			files = (
			);
			runOnlyForDeploymentPostprocessing = 0;
		};
/* End PBXResourcesBuildPhase section */

/* Begin PBXSourcesBuildPhase section */
		99747F3528D63E2D005CC824 /* Sources */ = {
			isa = PBXSourcesBuildPhase;
			buildActionMask = 2147483647;
			files = (
				99747F4128D63E2D005CC824 /* ViewController.swift in Sources */,
				99747F3D28D63E2D005CC824 /* AppDelegate.swift in Sources */,
				99747F3F28D63E2D005CC824 /* SceneDelegate.swift in Sources */,
				999D5E5128EBB0B000A76706 /* CreationViewController.swift in Sources */,
			);
			runOnlyForDeploymentPostprocessing = 0;
		};
		99747F4B28D63E30005CC824 /* Sources */ = {
			isa = PBXSourcesBuildPhase;
			buildActionMask = 2147483647;
			files = (
				99747F5428D63E30005CC824 /* Flashcard_AppTests.swift in Sources */,
			);
			runOnlyForDeploymentPostprocessing = 0;
		};
		99747F5528D63E30005CC824 /* Sources */ = {
			isa = PBXSourcesBuildPhase;
			buildActionMask = 2147483647;
			files = (
				99747F5E28D63E30005CC824 /* Flashcard_AppUITests.swift in Sources */,
				99747F6028D63E30005CC824 /* Flashcard_AppUITestsLaunchTests.swift in Sources */,
			);
			runOnlyForDeploymentPostprocessing = 0;
		};
/* End PBXSourcesBuildPhase section */

/* Begin PBXTargetDependency section */
		99747F5128D63E30005CC824 /* PBXTargetDependency */ = {
			isa = PBXTargetDependency;
			target = 99747F3828D63E2D005CC824 /* Flashcard App */;
			targetProxy = 99747F5028D63E30005CC824 /* PBXContainerItemProxy */;
		};
		99747F5B28D63E30005CC824 /* PBXTargetDependency */ = {
			isa = PBXTargetDependency;
			target = 99747F3828D63E2D005CC824 /* Flashcard App */;
			targetProxy = 99747F5A28D63E30005CC824 /* PBXContainerItemProxy */;
		};
/* End PBXTargetDependency section */

/* Begin PBXVariantGroup section */
		99747F4228D63E2D005CC824 /* Main.storyboard */ = {
			isa = PBXVariantGroup;
			children = (
				99747F4328D63E2D005CC824 /* Base */,
			);
			name = Main.storyboard;
			sourceTree = "<group>";
		};
		99747F4728D63E2F005CC824 /* LaunchScreen.storyboard */ = {
			isa = PBXVariantGroup;
			children = (
				99747F4828D63E2F005CC824 /* Base */,
			);
			name = LaunchScreen.storyboard;
			sourceTree = "<group>";
		};
/* End PBXVariantGroup section */

/* Begin XCBuildConfiguration section */
		99747F6128D63E30005CC824 /* Debug */ = {
			isa = XCBuildConfiguration;
			buildSettings = {
				ALWAYS_SEARCH_USER_PATHS = NO;
				CLANG_ANALYZER_NONNULL = YES;
				CLANG_ANALYZER_NUMBER_OBJECT_CONVERSION = YES_AGGRESSIVE;
				CLANG_CXX_LANGUAGE_STANDARD = "gnu++17";
				CLANG_ENABLE_MODULES = YES;
				CLANG_ENABLE_OBJC_ARC = YES;
				CLANG_ENABLE_OBJC_WEAK = YES;
				CLANG_WARN_BLOCK_CAPTURE_AUTORELEASING = YES;
				CLANG_WARN_BOOL_CONVERSION = YES;
				CLANG_WARN_COMMA = YES;
				CLANG_WARN_CONSTANT_CONVERSION = YES;
				CLANG_WARN_DEPRECATED_OBJC_IMPLEMENTATIONS = YES;
				CLANG_WARN_DIRECT_OBJC_ISA_USAGE = YES_ERROR;
				CLANG_WARN_DOCUMENTATION_COMMENTS = YES;
				CLANG_WARN_EMPTY_BODY = YES;
				CLANG_WARN_ENUM_CONVERSION = YES;
				CLANG_WARN_INFINITE_RECURSION = YES;
				CLANG_WARN_INT_CONVERSION = YES;
				CLANG_WARN_NON_LITERAL_NULL_CONVERSION = YES;
				CLANG_WARN_OBJC_IMPLICIT_RETAIN_SELF = YES;
				CLANG_WARN_OBJC_LITERAL_CONVERSION = YES;
				CLANG_WARN_OBJC_ROOT_CLASS = YES_ERROR;
				CLANG_WARN_QUOTED_INCLUDE_IN_FRAMEWORK_HEADER = YES;
				CLANG_WARN_RANGE_LOOP_ANALYSIS = YES;
				CLANG_WARN_STRICT_PROTOTYPES = YES;
				CLANG_WARN_SUSPICIOUS_MOVE = YES;
				CLANG_WARN_UNGUARDED_AVAILABILITY = YES_AGGRESSIVE;
				CLANG_WARN_UNREACHABLE_CODE = YES;
				CLANG_WARN__DUPLICATE_METHOD_MATCH = YES;
				COPY_PHASE_STRIP = NO;
				DEBUG_INFORMATION_FORMAT = dwarf;
				ENABLE_STRICT_OBJC_MSGSEND = YES;
				ENABLE_TESTABILITY = YES;
				GCC_C_LANGUAGE_STANDARD = gnu11;
				GCC_DYNAMIC_NO_PIC = NO;
				GCC_NO_COMMON_BLOCKS = YES;
				GCC_OPTIMIZATION_LEVEL = 0;
				GCC_PREPROCESSOR_DEFINITIONS = (
					"DEBUG=1",
					"$(inherited)",
				);
				GCC_WARN_64_TO_32_BIT_CONVERSION = YES;
				GCC_WARN_ABOUT_RETURN_TYPE = YES_ERROR;
				GCC_WARN_UNDECLARED_SELECTOR = YES;
				GCC_WARN_UNINITIALIZED_AUTOS = YES_AGGRESSIVE;
				GCC_WARN_UNUSED_FUNCTION = YES;
				GCC_WARN_UNUSED_VARIABLE = YES;
				IPHONEOS_DEPLOYMENT_TARGET = 15.5;
				MTL_ENABLE_DEBUG_INFO = INCLUDE_SOURCE;
				MTL_FAST_MATH = YES;
				ONLY_ACTIVE_ARCH = YES;
				SDKROOT = iphoneos;
				SWIFT_ACTIVE_COMPILATION_CONDITIONS = DEBUG;
				SWIFT_OPTIMIZATION_LEVEL = "-Onone";
			};
			name = Debug;
		};
		99747F6228D63E30005CC824 /* Release */ = {
			isa = XCBuildConfiguration;
			buildSettings = {
				ALWAYS_SEARCH_USER_PATHS = NO;
				CLANG_ANALYZER_NONNULL = YES;
				CLANG_ANALYZER_NUMBER_OBJECT_CONVERSION = YES_AGGRESSIVE;
				CLANG_CXX_LANGUAGE_STANDARD = "gnu++17";
				CLANG_ENABLE_MODULES = YES;
				CLANG_ENABLE_OBJC_ARC = YES;
				CLANG_ENABLE_OBJC_WEAK = YES;
				CLANG_WARN_BLOCK_CAPTURE_AUTORELEASING = YES;
				CLANG_WARN_BOOL_CONVERSION = YES;
				CLANG_WARN_COMMA = YES;
				CLANG_WARN_CONSTANT_CONVERSION = YES;
				CLANG_WARN_DEPRECATED_OBJC_IMPLEMENTATIONS = YES;
				CLANG_WARN_DIRECT_OBJC_ISA_USAGE = YES_ERROR;
				CLANG_WARN_DOCUMENTATION_COMMENTS = YES;
				CLANG_WARN_EMPTY_BODY = YES;
				CLANG_WARN_ENUM_CONVERSION = YES;
				CLANG_WARN_INFINITE_RECURSION = YES;
				CLANG_WARN_INT_CONVERSION = YES;
				CLANG_WARN_NON_LITERAL_NULL_CONVERSION = YES;
				CLANG_WARN_OBJC_IMPLICIT_RETAIN_SELF = YES;
				CLANG_WARN_OBJC_LITERAL_CONVERSION = YES;
				CLANG_WARN_OBJC_ROOT_CLASS = YES_ERROR;
				CLANG_WARN_QUOTED_INCLUDE_IN_FRAMEWORK_HEADER = YES;
				CLANG_WARN_RANGE_LOOP_ANALYSIS = YES;
				CLANG_WARN_STRICT_PROTOTYPES = YES;
				CLANG_WARN_SUSPICIOUS_MOVE = YES;
				CLANG_WARN_UNGUARDED_AVAILABILITY = YES_AGGRESSIVE;
				CLANG_WARN_UNREACHABLE_CODE = YES;
				CLANG_WARN__DUPLICATE_METHOD_MATCH = YES;
				COPY_PHASE_STRIP = NO;
				DEBUG_INFORMATION_FORMAT = "dwarf-with-dsym";
				ENABLE_NS_ASSERTIONS = NO;
				ENABLE_STRICT_OBJC_MSGSEND = YES;
				GCC_C_LANGUAGE_STANDARD = gnu11;
				GCC_NO_COMMON_BLOCKS = YES;
				GCC_WARN_64_TO_32_BIT_CONVERSION = YES;
				GCC_WARN_ABOUT_RETURN_TYPE = YES_ERROR;
				GCC_WARN_UNDECLARED_SELECTOR = YES;
				GCC_WARN_UNINITIALIZED_AUTOS = YES_AGGRESSIVE;
				GCC_WARN_UNUSED_FUNCTION = YES;
				GCC_WARN_UNUSED_VARIABLE = YES;
				IPHONEOS_DEPLOYMENT_TARGET = 15.5;
				MTL_ENABLE_DEBUG_INFO = NO;
				MTL_FAST_MATH = YES;
				SDKROOT = iphoneos;
				SWIFT_COMPILATION_MODE = wholemodule;
				SWIFT_OPTIMIZATION_LEVEL = "-O";
				VALIDATE_PRODUCT = YES;
			};
			name = Release;
		};
		99747F6428D63E30005CC824 /* Debug */ = {
			isa = XCBuildConfiguration;
			buildSettings = {
				ASSETCATALOG_COMPILER_APPICON_NAME = AppIcon;
				ASSETCATALOG_COMPILER_GLOBAL_ACCENT_COLOR_NAME = AccentColor;
				CODE_SIGN_STYLE = Automatic;
				CURRENT_PROJECT_VERSION = 1;
				GENERATE_INFOPLIST_FILE = YES;
				INFOPLIST_FILE = "Flashcard App/Info.plist";
				INFOPLIST_KEY_UIApplicationSupportsIndirectInputEvents = YES;
				INFOPLIST_KEY_UILaunchStoryboardName = LaunchScreen;
				INFOPLIST_KEY_UIMainStoryboardFile = Main;
				INFOPLIST_KEY_UISupportedInterfaceOrientations_iPad = "UIInterfaceOrientationPortrait UIInterfaceOrientationPortraitUpsideDown UIInterfaceOrientationLandscapeLeft UIInterfaceOrientationLandscapeRight";
				INFOPLIST_KEY_UISupportedInterfaceOrientations_iPhone = "UIInterfaceOrientationPortrait UIInterfaceOrientationLandscapeLeft UIInterfaceOrientationLandscapeRight";
				LD_RUNPATH_SEARCH_PATHS = (
					"$(inherited)",
					"@executable_path/Frameworks",
				);
				MARKETING_VERSION = 1.0;
				PRODUCT_BUNDLE_IDENTIFIER = "com.rezwanreza.Flashcard-App";
				PRODUCT_NAME = "$(TARGET_NAME)";
				SWIFT_EMIT_LOC_STRINGS = YES;
				SWIFT_VERSION = 5.0;
				TARGETED_DEVICE_FAMILY = "1,2";
			};
			name = Debug;
		};
		99747F6528D63E30005CC824 /* Release */ = {
			isa = XCBuildConfiguration;
			buildSettings = {
				ASSETCATALOG_COMPILER_APPICON_NAME = AppIcon;
				ASSETCATALOG_COMPILER_GLOBAL_ACCENT_COLOR_NAME = AccentColor;
				CODE_SIGN_STYLE = Automatic;
				CURRENT_PROJECT_VERSION = 1;
				GENERATE_INFOPLIST_FILE = YES;
				INFOPLIST_FILE = "Flashcard App/Info.plist";
				INFOPLIST_KEY_UIApplicationSupportsIndirectInputEvents = YES;
				INFOPLIST_KEY_UILaunchStoryboardName = LaunchScreen;
				INFOPLIST_KEY_UIMainStoryboardFile = Main;
				INFOPLIST_KEY_UISupportedInterfaceOrientations_iPad = "UIInterfaceOrientationPortrait UIInterfaceOrientationPortraitUpsideDown UIInterfaceOrientationLandscapeLeft UIInterfaceOrientationLandscapeRight";
				INFOPLIST_KEY_UISupportedInterfaceOrientations_iPhone = "UIInterfaceOrientationPortrait UIInterfaceOrientationLandscapeLeft UIInterfaceOrientationLandscapeRight";
				LD_RUNPATH_SEARCH_PATHS = (
					"$(inherited)",
					"@executable_path/Frameworks",
				);
				MARKETING_VERSION = 1.0;
				PRODUCT_BUNDLE_IDENTIFIER = "com.rezwanreza.Flashcard-App";
				PRODUCT_NAME = "$(TARGET_NAME)";
				SWIFT_EMIT_LOC_STRINGS = YES;
				SWIFT_VERSION = 5.0;
				TARGETED_DEVICE_FAMILY = "1,2";
			};
			name = Release;
		};
		99747F6728D63E30005CC824 /* Debug */ = {
			isa = XCBuildConfiguration;
			buildSettings = {
				ALWAYS_EMBED_SWIFT_STANDARD_LIBRARIES = YES;
				BUNDLE_LOADER = "$(TEST_HOST)";
				CODE_SIGN_STYLE = Automatic;
				CURRENT_PROJECT_VERSION = 1;
				GENERATE_INFOPLIST_FILE = YES;
				IPHONEOS_DEPLOYMENT_TARGET = 15.5;
				MARKETING_VERSION = 1.0;
				PRODUCT_BUNDLE_IDENTIFIER = "com.rezwanreza.Flashcard-AppTests";
				PRODUCT_NAME = "$(TARGET_NAME)";
				SWIFT_EMIT_LOC_STRINGS = NO;
				SWIFT_VERSION = 5.0;
				TARGETED_DEVICE_FAMILY = "1,2";
				TEST_HOST = "$(BUILT_PRODUCTS_DIR)/Flashcard App.app/Flashcard App";
			};
			name = Debug;
		};
		99747F6828D63E30005CC824 /* Release */ = {
			isa = XCBuildConfiguration;
			buildSettings = {
				ALWAYS_EMBED_SWIFT_STANDARD_LIBRARIES = YES;
				BUNDLE_LOADER = "$(TEST_HOST)";
				CODE_SIGN_STYLE = Automatic;
				CURRENT_PROJECT_VERSION = 1;
				GENERATE_INFOPLIST_FILE = YES;
				IPHONEOS_DEPLOYMENT_TARGET = 15.5;
				MARKETING_VERSION = 1.0;
				PRODUCT_BUNDLE_IDENTIFIER = "com.rezwanreza.Flashcard-AppTests";
				PRODUCT_NAME = "$(TARGET_NAME)";
				SWIFT_EMIT_LOC_STRINGS = NO;
				SWIFT_VERSION = 5.0;
				TARGETED_DEVICE_FAMILY = "1,2";
				TEST_HOST = "$(BUILT_PRODUCTS_DIR)/Flashcard App.app/Flashcard App";
			};
			name = Release;
		};
		99747F6A28D63E30005CC824 /* Debug */ = {
			isa = XCBuildConfiguration;
			buildSettings = {
				ALWAYS_EMBED_SWIFT_STANDARD_LIBRARIES = YES;
				CODE_SIGN_STYLE = Automatic;
				CURRENT_PROJECT_VERSION = 1;
				GENERATE_INFOPLIST_FILE = YES;
				MARKETING_VERSION = 1.0;
				PRODUCT_BUNDLE_IDENTIFIER = "com.rezwanreza.Flashcard-AppUITests";
				PRODUCT_NAME = "$(TARGET_NAME)";
				SWIFT_EMIT_LOC_STRINGS = NO;
				SWIFT_VERSION = 5.0;
				TARGETED_DEVICE_FAMILY = "1,2";
				TEST_TARGET_NAME = "Flashcard App";
			};
			name = Debug;
		};
		99747F6B28D63E30005CC824 /* Release */ = {
			isa = XCBuildConfiguration;
			buildSettings = {
				ALWAYS_EMBED_SWIFT_STANDARD_LIBRARIES = YES;
				CODE_SIGN_STYLE = Automatic;
				CURRENT_PROJECT_VERSION = 1;
				GENERATE_INFOPLIST_FILE = YES;
				MARKETING_VERSION = 1.0;
				PRODUCT_BUNDLE_IDENTIFIER = "com.rezwanreza.Flashcard-AppUITests";
				PRODUCT_NAME = "$(TARGET_NAME)";
				SWIFT_EMIT_LOC_STRINGS = NO;
				SWIFT_VERSION = 5.0;
				TARGETED_DEVICE_FAMILY = "1,2";
				TEST_TARGET_NAME = "Flashcard App";
			};
			name = Release;
		};
/* End XCBuildConfiguration section */

/* Begin XCConfigurationList section */
		99747F3428D63E2D005CC824 /* Build configuration list for PBXProject "Flashcard App" */ = {
			isa = XCConfigurationList;
			buildConfigurations = (
				99747F6128D63E30005CC824 /* Debug */,
				99747F6228D63E30005CC824 /* Release */,
			);
			defaultConfigurationIsVisible = 0;
			defaultConfigurationName = Release;
		};
		99747F6328D63E30005CC824 /* Build configuration list for PBXNativeTarget "Flashcard App" */ = {
			isa = XCConfigurationList;
			buildConfigurations = (
				99747F6428D63E30005CC824 /* Debug */,
				99747F6528D63E30005CC824 /* Release */,
			);
			defaultConfigurationIsVisible = 0;
			defaultConfigurationName = Release;
		};
		99747F6628D63E30005CC824 /* Build configuration list for PBXNativeTarget "Flashcard AppTests" */ = {
			isa = XCConfigurationList;
			buildConfigurations = (
				99747F6728D63E30005CC824 /* Debug */,
				99747F6828D63E30005CC824 /* Release */,
			);
			defaultConfigurationIsVisible = 0;
			defaultConfigurationName = Release;
		};
		99747F6928D63E30005CC824 /* Build configuration list for PBXNativeTarget "Flashcard AppUITests" */ = {
			isa = XCConfigurationList;
			buildConfigurations = (
				99747F6A28D63E30005CC824 /* Debug */,
				99747F6B28D63E30005CC824 /* Release */,
			);
			defaultConfigurationIsVisible = 0;
			defaultConfigurationName = Release;
		};
/* End XCConfigurationList section */
	};
	rootObject = 99747F3128D63E2D005CC824 /* Project object */;
}
